{
  "name": "kea-nmea",
  "version": "0.0.1",
  "lockfileVersion": 1,
  "requires": true,
  "dependencies": {
    "ais-stream-decoder": {
      "version": "2.1.2",
      "resolved": "https://registry.npmjs.org/ais-stream-decoder/-/ais-stream-decoder-2.1.2.tgz",
      "integrity": "sha512-kS0WZ2eDDkNj94ci9ysO27bPOKtdyQjeHyMvxtoosw1qxWV2QuTcEj9vCzfusEcXIHAn9IaOBxwxVw9gAOnb0Q=="
    },
    "kea-transformer": {
      "version": "0.0.4",
      "resolved": "https://registry.npmjs.org/kea-transformer/-/kea-transformer-0.0.4.tgz",
      "integrity": "sha512-8V5zYaKrLKAwYl0eCSLeLiHOheqoEim7lYr5Pl36b2uDODgX/Orejfas+4aL0iWI9sidS5Gn2JeckQy1BIbTtw==",
      "requires": {
        "lodash": "^4.17.21"
      }
    },
    "lodash": {
      "version": "4.17.21",
      "resolved": "https://registry.npmjs.org/lodash/-/lodash-4.17.21.tgz",
      "integrity": "sha512-v2kDEe57lecTulaDIuNTPy3Ry4gLGJ6Z1O3vE1krgXZNrsQ+LFTGHVxVjcXPs17LhbZVGedAJv8XZ1tvj5FvSg=="
    },
    "nmea-simple": {
      "version": "3.3.0",
      "resolved": "https://registry.npmjs.org/nmea-simple/-/nmea-simple-3.3.0.tgz",
      "integrity": "sha512-jYJBoxgYBUAbm2tLv0NeqK4dxhv8hhrf8rhiWGJ3+i0ubv7gn5NGyoMgPEqkE8wKscQrMT9AyA09gtuNR+70ng=="
    }
  }
}
